// !$*UTF8*$!
{
	archiveVersion = 1;
	classes = {
	};
	objectVersion = 48;
	objects = {

/* Begin PBXBuildFile section */
		568B2548203FF1DA006403F5 /* AppDelegate.m in Sources */ = {isa = PBXBuildFile; fileRef = 568B2547203FF1DA006403F5 /* AppDelegate.m */; };
		568B254B203FF1DA006403F5 /* ViewController.m in Sources */ = {isa = PBXBuildFile; fileRef = 568B254A203FF1DA006403F5 /* ViewController.m */; };
		568B254E203FF1DA006403F5 /* Main.storyboard in Resources */ = {isa = PBXBuildFile; fileRef = 568B254C203FF1DA006403F5 /* Main.storyboard */; };
		568B2550203FF1DA006403F5 /* Assets.xcassets in Resources */ = {isa = PBXBuildFile; fileRef = 568B254F203FF1DA006403F5 /* Assets.xcassets */; };
		568B2553203FF1DA006403F5 /* LaunchScreen.storyboard in Resources */ = {isa = PBXBuildFile; fileRef = 568B2551203FF1DA006403F5 /* LaunchScreen.storyboard */; };
		568B2556203FF1DA006403F5 /* main.m in Sources */ = {isa = PBXBuildFile; fileRef = 568B2555203FF1DA006403F5 /* main.m */; };
		568B255F203FF217006403F5 /* TimerViewController.m in Sources */ = {isa = PBXBuildFile; fileRef = 568B255E203FF217006403F5 /* TimerViewController.m */; };
		568B2563203FF9EB006403F5 /* DelegateViewController.m in Sources */ = {isa = PBXBuildFile; fileRef = 568B2562203FF9EB006403F5 /* DelegateViewController.m */; };
		568B2566203FFD30006403F5 /* DelegateView.m in Sources */ = {isa = PBXBuildFile; fileRef = 568B2565203FFD30006403F5 /* DelegateView.m */; };
		568B256A204002A7006403F5 /* BlockViewController.m in Sources */ = {isa = PBXBuildFile; fileRef = 568B2569204002A7006403F5 /* BlockViewController.m */; };
		568B256D20400452006403F5 /* BlockObject.m in Sources */ = {isa = PBXBuildFile; fileRef = 568B256C20400452006403F5 /* BlockObject.m */; };
		568B25712040124E006403F5 /* ImageViewController.m in Sources */ = {isa = PBXBuildFile; fileRef = 568B25702040124E006403F5 /* ImageViewController.m */; };
		568B257520401612006403F5 /* ImageCollectionViewCell.m in Sources */ = {isa = PBXBuildFile; fileRef = 568B257320401612006403F5 /* ImageCollectionViewCell.m */; };
		568B257620401612006403F5 /* ImageCollectionViewCell.xib in Resources */ = {isa = PBXBuildFile; fileRef = 568B257420401612006403F5 /* ImageCollectionViewCell.xib */; };
		568B259C20401AF2006403F5 /* imageViewImage09.png in Resources */ = {isa = PBXBuildFile; fileRef = 568B259020401AF1006403F5 /* imageViewImage09.png */; };
		568B259D20401AF2006403F5 /* imageViewImage06.png in Resources */ = {isa = PBXBuildFile; fileRef = 568B259120401AF1006403F5 /* imageViewImage06.png */; };
		568B259E20401AF2006403F5 /* imageViewImage02.png in Resources */ = {isa = PBXBuildFile; fileRef = 568B259220401AF1006403F5 /* imageViewImage02.png */; };
		568B259F20401AF2006403F5 /* imageViewImage04.png in Resources */ = {isa = PBXBuildFile; fileRef = 568B259320401AF1006403F5 /* imageViewImage04.png */; };
		568B25A020401AF2006403F5 /* imageViewImage05.png in Resources */ = {isa = PBXBuildFile; fileRef = 568B259420401AF1006403F5 /* imageViewImage05.png */; };
		568B25A120401AF2006403F5 /* imageViewImage11.png in Resources */ = {isa = PBXBuildFile; fileRef = 568B259520401AF1006403F5 /* imageViewImage11.png */; };
		568B25A220401AF2006403F5 /* imageViewImage01.png in Resources */ = {isa = PBXBuildFile; fileRef = 568B259620401AF1006403F5 /* imageViewImage01.png */; };
		568B25A320401AF2006403F5 /* imageViewImage08.png in Resources */ = {isa = PBXBuildFile; fileRef = 568B259720401AF1006403F5 /* imageViewImage08.png */; };
		568B25A420401AF2006403F5 /* imageViewImage00.png in Resources */ = {isa = PBXBuildFile; fileRef = 568B259820401AF1006403F5 /* imageViewImage00.png */; };
		568B25A520401AF2006403F5 /* imageViewImage03.png in Resources */ = {isa = PBXBuildFile; fileRef = 568B259920401AF1006403F5 /* imageViewImage03.png */; };
		568B25A620401AF2006403F5 /* imageViewImage07.png in Resources */ = {isa = PBXBuildFile; fileRef = 568B259A20401AF1006403F5 /* imageViewImage07.png */; };
		568B25A720401AF2006403F5 /* imageViewImage10.png in Resources */ = {isa = PBXBuildFile; fileRef = 568B259B20401AF1006403F5 /* imageViewImage10.png */; };
/* End PBXBuildFile section */

/* Begin PBXFileReference section */
		568B2543203FF1DA006403F5 /* Memory optimization.app */ = {isa = PBXFileReference; explicitFileType = wrapper.application; includeInIndex = 0; path = "Memory optimization.app"; sourceTree = BUILT_PRODUCTS_DIR; };
		568B2546203FF1DA006403F5 /* AppDelegate.h */ = {isa = PBXFileReference; lastKnownFileType = sourcecode.c.h; path = AppDelegate.h; sourceTree = "<group>"; };
		568B2547203FF1DA006403F5 /* AppDelegate.m */ = {isa = PBXFileReference; lastKnownFileType = sourcecode.c.objc; path = AppDelegate.m; sourceTree = "<group>"; };
		568B2549203FF1DA006403F5 /* ViewController.h */ = {isa = PBXFileReference; lastKnownFileType = sourcecode.c.h; path = ViewController.h; sourceTree = "<group>"; };
		568B254A203FF1DA006403F5 /* ViewController.m */ = {isa = PBXFileReference; lastKnownFileType = sourcecode.c.objc; path = ViewController.m; sourceTree = "<group>"; };
		568B254D203FF1DA006403F5 /* Base */ = {isa = PBXFileReference; lastKnownFileType = file.storyboard; name = Base; path = Base.lproj/Main.storyboard; sourceTree = "<group>"; };
		568B254F203FF1DA006403F5 /* Assets.xcassets */ = {isa = PBXFileReference; lastKnownFileType = folder.assetcatalog; path = Assets.xcassets; sourceTree = "<group>"; };
		568B2552203FF1DA006403F5 /* Base */ = {isa = PBXFileReference; lastKnownFileType = file.storyboard; name = Base; path = Base.lproj/LaunchScreen.storyboard; sourceTree = "<group>"; };
		568B2554203FF1DA006403F5 /* Info.plist */ = {isa = PBXFileReference; lastKnownFileType = text.plist.xml; path = Info.plist; sourceTree = "<group>"; };
		568B2555203FF1DA006403F5 /* main.m */ = {isa = PBXFileReference; lastKnownFileType = sourcecode.c.objc; path = main.m; sourceTree = "<group>"; };
		568B255D203FF217006403F5 /* TimerViewController.h */ = {isa = PBXFileReference; lastKnownFileType = sourcecode.c.h; path = TimerViewController.h; sourceTree = "<group>"; };
		568B255E203FF217006403F5 /* TimerViewController.m */ = {isa = PBXFileReference; lastKnownFileType = sourcecode.c.objc; path = TimerViewController.m; sourceTree = "<group>"; };
		568B2561203FF9EB006403F5 /* DelegateViewController.h */ = {isa = PBXFileReference; lastKnownFileType = sourcecode.c.h; path = DelegateViewController.h; sourceTree = "<group>"; };
		568B2562203FF9EB006403F5 /* DelegateViewController.m */ = {isa = PBXFileReference; lastKnownFileType = sourcecode.c.objc; path = DelegateViewController.m; sourceTree = "<group>"; };
		568B2564203FFD30006403F5 /* DelegateView.h */ = {isa = PBXFileReference; lastKnownFileType = sourcecode.c.h; path = DelegateView.h; sourceTree = "<group>"; };
		568B2565203FFD30006403F5 /* DelegateView.m */ = {isa = PBXFileReference; lastKnownFileType = sourcecode.c.objc; path = DelegateView.m; sourceTree = "<group>"; };
		568B2568204002A7006403F5 /* BlockViewController.h */ = {isa = PBXFileReference; lastKnownFileType = sourcecode.c.h; path = BlockViewController.h; sourceTree = "<group>"; };
		568B2569204002A7006403F5 /* BlockViewController.m */ = {isa = PBXFileReference; lastKnownFileType = sourcecode.c.objc; path = BlockViewController.m; sourceTree = "<group>"; };
		568B256B20400452006403F5 /* BlockObject.h */ = {isa = PBXFileReference; lastKnownFileType = sourcecode.c.h; path = BlockObject.h; sourceTree = "<group>"; };
		568B256C20400452006403F5 /* BlockObject.m */ = {isa = PBXFileReference; lastKnownFileType = sourcecode.c.objc; path = BlockObject.m; sourceTree = "<group>"; };
		568B256F2040124E006403F5 /* ImageViewController.h */ = {isa = PBXFileReference; lastKnownFileType = sourcecode.c.h; path = ImageViewController.h; sourceTree = "<group>"; };
		568B25702040124E006403F5 /* ImageViewController.m */ = {isa = PBXFileReference; lastKnownFileType = sourcecode.c.objc; path = ImageViewController.m; sourceTree = "<group>"; };
		568B257220401612006403F5 /* ImageCollectionViewCell.h */ = {isa = PBXFileReference; lastKnownFileType = sourcecode.c.h; path = ImageCollectionViewCell.h; sourceTree = "<group>"; };
		568B257320401612006403F5 /* ImageCollectionViewCell.m */ = {isa = PBXFileReference; lastKnownFileType = sourcecode.c.objc; path = ImageCollectionViewCell.m; sourceTree = "<group>"; };
		568B257420401612006403F5 /* ImageCollectionViewCell.xib */ = {isa = PBXFileReference; lastKnownFileType = file.xib; path = ImageCollectionViewCell.xib; sourceTree = "<group>"; };
		568B259020401AF1006403F5 /* imageViewImage09.png */ = {isa = PBXFileReference; lastKnownFileType = image.png; path = imageViewImage09.png; sourceTree = "<group>"; };
		568B259120401AF1006403F5 /* imageViewImage06.png */ = {isa = PBXFileReference; lastKnownFileType = image.png; path = imageViewImage06.png; sourceTree = "<group>"; };
		568B259220401AF1006403F5 /* imageViewImage02.png */ = {isa = PBXFileReference; lastKnownFileType = image.png; path = imageViewImage02.png; sourceTree = "<group>"; };
		568B259320401AF1006403F5 /* imageViewImage04.png */ = {isa = PBXFileReference; lastKnownFileType = image.png; path = imageViewImage04.png; sourceTree = "<group>"; };
		568B259420401AF1006403F5 /* imageViewImage05.png */ = {isa = PBXFileReference; lastKnownFileType = image.png; path = imageViewImage05.png; sourceTree = "<group>"; };
		568B259520401AF1006403F5 /* imageViewImage11.png */ = {isa = PBXFileReference; lastKnownFileType = image.png; path = imageViewImage11.png; sourceTree = "<group>"; };
		568B259620401AF1006403F5 /* imageViewImage01.png */ = {isa = PBXFileReference; lastKnownFileType = image.png; path = imageViewImage01.png; sourceTree = "<group>"; };
		568B259720401AF1006403F5 /* imageViewImage08.png */ = {isa = PBXFileReference; lastKnownFileType = image.png; path = imageViewImage08.png; sourceTree = "<group>"; };
		568B259820401AF1006403F5 /* imageViewImage00.png */ = {isa = PBXFileReference; lastKnownFileType = image.png; path = imageViewImage00.png; sourceTree = "<group>"; };
		568B259920401AF1006403F5 /* imageViewImage03.png */ = {isa = PBXFileReference; lastKnownFileType = image.png; path = imageViewImage03.png; sourceTree = "<group>"; };
		568B259A20401AF1006403F5 /* imageViewImage07.png */ = {isa = PBXFileReference; lastKnownFileType = image.png; path = imageViewImage07.png; sourceTree = "<group>"; };
		568B259B20401AF1006403F5 /* imageViewImage10.png */ = {isa = PBXFileReference; lastKnownFileType = image.png; path = imageViewImage10.png; sourceTree = "<group>"; };
/* End PBXFileReference section */

/* Begin PBXFrameworksBuildPhase section */
		568B2540203FF1DA006403F5 /* Frameworks */ = {
			isa = PBXFrameworksBuildPhase;
			buildActionMask = 2147483647;
			files = (
			);
			runOnlyForDeploymentPostprocessing = 0;
		};
/* End PBXFrameworksBuildPhase section */

/* Begin PBXGroup section */
		568B253A203FF1DA006403F5 = {
			isa = PBXGroup;
			children = (
				568B2545203FF1DA006403F5 /* Memory optimization */,
				568B2544203FF1DA006403F5 /* Products */,
			);
			sourceTree = "<group>";
		};
		568B2544203FF1DA006403F5 /* Products */ = {
			isa = PBXGroup;
			children = (
				568B2543203FF1DA006403F5 /* Memory optimization.app */,
			);
			name = Products;
			sourceTree = "<group>";
		};
		568B2545203FF1DA006403F5 /* Memory optimization */ = {
			isa = PBXGroup;
			children = (
				568B255C203FF1DF006403F5 /* 1.Timer */,
				568B2560203FF9CE006403F5 /* 2.Delegate */,
				568B25672040028D006403F5 /* 3.Block */,
				568B256E20401230006403F5 /* 4.Image */,
				568B2546203FF1DA006403F5 /* AppDelegate.h */,
				568B2547203FF1DA006403F5 /* AppDelegate.m */,
				568B2549203FF1DA006403F5 /* ViewController.h */,
				568B254A203FF1DA006403F5 /* ViewController.m */,
				568B2577204017BA006403F5 /* Res */,
				568B254C203FF1DA006403F5 /* Main.storyboard */,
				568B254F203FF1DA006403F5 /* Assets.xcassets */,
				568B2551203FF1DA006403F5 /* LaunchScreen.storyboard */,
				568B2554203FF1DA006403F5 /* Info.plist */,
				568B2555203FF1DA006403F5 /* main.m */,
			);
			path = "Memory optimization";
			sourceTree = "<group>";
		};
		568B255C203FF1DF006403F5 /* 1.Timer */ = {
			isa = PBXGroup;
			children = (
				568B255D203FF217006403F5 /* TimerViewController.h */,
				568B255E203FF217006403F5 /* TimerViewController.m */,
			);
			path = 1.Timer;
			sourceTree = "<group>";
		};
		568B2560203FF9CE006403F5 /* 2.Delegate */ = {
			isa = PBXGroup;
			children = (
				568B2561203FF9EB006403F5 /* DelegateViewController.h */,
				568B2562203FF9EB006403F5 /* DelegateViewController.m */,
				568B2564203FFD30006403F5 /* DelegateView.h */,
				568B2565203FFD30006403F5 /* DelegateView.m */,
			);
			path = 2.Delegate;
			sourceTree = "<group>";
		};
		568B25672040028D006403F5 /* 3.Block */ = {
			isa = PBXGroup;
			children = (
				568B2568204002A7006403F5 /* BlockViewController.h */,
				568B2569204002A7006403F5 /* BlockViewController.m */,
				568B256B20400452006403F5 /* BlockObject.h */,
				568B256C20400452006403F5 /* BlockObject.m */,
			);
			path = 3.Block;
			sourceTree = "<group>";
		};
		568B256E20401230006403F5 /* 4.Image */ = {
			isa = PBXGroup;
			children = (
				568B256F2040124E006403F5 /* ImageViewController.h */,
				568B25702040124E006403F5 /* ImageViewController.m */,
				568B257220401612006403F5 /* ImageCollectionViewCell.h */,
				568B257320401612006403F5 /* ImageCollectionViewCell.m */,
				568B257420401612006403F5 /* ImageCollectionViewCell.xib */,
			);
			path = 4.Image;
			sourceTree = "<group>";
		};
		568B2577204017BA006403F5 /* Res */ = {
			isa = PBXGroup;
			children = (
				568B259820401AF1006403F5 /* imageViewImage00.png */,
				568B259620401AF1006403F5 /* imageViewImage01.png */,
				568B259220401AF1006403F5 /* imageViewImage02.png */,
				568B259920401AF1006403F5 /* imageViewImage03.png */,
				568B259320401AF1006403F5 /* imageViewImage04.png */,
				568B259420401AF1006403F5 /* imageViewImage05.png */,
				568B259120401AF1006403F5 /* imageViewImage06.png */,
				568B259A20401AF1006403F5 /* imageViewImage07.png */,
				568B259720401AF1006403F5 /* imageViewImage08.png */,
				568B259020401AF1006403F5 /* imageViewImage09.png */,
				568B259B20401AF1006403F5 /* imageViewImage10.png */,
				568B259520401AF1006403F5 /* imageViewImage11.png */,
			);
			path = Res;
			sourceTree = "<group>";
		};
/* End PBXGroup section */

/* Begin PBXNativeTarget section */
		568B2542203FF1DA006403F5 /* Memory optimization */ = {
			isa = PBXNativeTarget;
			buildConfigurationList = 568B2559203FF1DA006403F5 /* Build configuration list for PBXNativeTarget "Memory optimization" */;
			buildPhases = (
				568B253F203FF1DA006403F5 /* Sources */,
				568B2540203FF1DA006403F5 /* Frameworks */,
				568B2541203FF1DA006403F5 /* Resources */,
			);
			buildRules = (
			);
			dependencies = (
			);
			name = "Memory optimization";
			productName = "Memory optimization";
			productReference = 568B2543203FF1DA006403F5 /* Memory optimization.app */;
			productType = "com.apple.product-type.application";
		};
/* End PBXNativeTarget section */

/* Begin PBXProject section */
		568B253B203FF1DA006403F5 /* Project object */ = {
			isa = PBXProject;
			attributes = {
				LastUpgradeCheck = 0920;
				ORGANIZATIONNAME = xiaochen;
				TargetAttributes = {
					568B2542203FF1DA006403F5 = {
						CreatedOnToolsVersion = 9.2;
						ProvisioningStyle = Automatic;
					};
				};
			};
			buildConfigurationList = 568B253E203FF1DA006403F5 /* Build configuration list for PBXProject "Memory optimization" */;
			compatibilityVersion = "Xcode 8.0";
			developmentRegion = en;
			hasScannedForEncodings = 0;
			knownRegions = (
				en,
				Base,
			);
			mainGroup = 568B253A203FF1DA006403F5;
			productRefGroup = 568B2544203FF1DA006403F5 /* Products */;
			projectDirPath = "";
			projectRoot = "";
			targets = (
				568B2542203FF1DA006403F5 /* Memory optimization */,
			);
		};
/* End PBXProject section */

/* Begin PBXResourcesBuildPhase section */
		568B2541203FF1DA006403F5 /* Resources */ = {
			isa = PBXResourcesBuildPhase;
			buildActionMask = 2147483647;
			files = (
				568B2553203FF1DA006403F5 /* LaunchScreen.storyboard in Resources */,
				568B2550203FF1DA006403F5 /* Assets.xcassets in Resources */,
				568B25A220401AF2006403F5 /* imageViewImage01.png in Resources */,
				568B25A520401AF2006403F5 /* imageViewImage03.png in Resources */,
				568B25A120401AF2006403F5 /* imageViewImage11.png in Resources */,
				568B25A320401AF2006403F5 /* imageViewImage08.png in Resources */,
				568B259C20401AF2006403F5 /* imageViewImage09.png in Resources */,
				568B25A620401AF2006403F5 /* imageViewImage07.png in Resources */,
				568B257620401612006403F5 /* ImageCollectionViewCell.xib in Resources */,
				568B25A720401AF2006403F5 /* imageViewImage10.png in Resources */,
				568B259F20401AF2006403F5 /* imageViewImage04.png in Resources */,
				568B259D20401AF2006403F5 /* imageViewImage06.png in Resources */,
				568B254E203FF1DA006403F5 /* Main.storyboard in Resources */,
				568B25A020401AF2006403F5 /* imageViewImage05.png in Resources */,
				568B259E20401AF2006403F5 /* imageViewImage02.png in Resources */,
				568B25A420401AF2006403F5 /* imageViewImage00.png in Resources */,
			);
			runOnlyForDeploymentPostprocessing = 0;
		};
/* End PBXResourcesBuildPhase section */

/* Begin PBXSourcesBuildPhase section */
		568B253F203FF1DA006403F5 /* Sources */ = {
			isa = PBXSourcesBuildPhase;
			buildActionMask = 2147483647;
			files = (
				568B255F203FF217006403F5 /* TimerViewController.m in Sources */,
				568B254B203FF1DA006403F5 /* ViewController.m in Sources */,
				568B257520401612006403F5 /* ImageCollectionViewCell.m in Sources */,
				568B256D20400452006403F5 /* BlockObject.m in Sources */,
				568B2563203FF9EB006403F5 /* DelegateViewController.m in Sources */,
				568B2556203FF1DA006403F5 /* main.m in Sources */,
				568B256A204002A7006403F5 /* BlockViewController.m in Sources */,
				568B25712040124E006403F5 /* ImageViewController.m in Sources */,
				568B2548203FF1DA006403F5 /* AppDelegate.m in Sources */,
				568B2566203FFD30006403F5 /* DelegateView.m in Sources */,
			);
			runOnlyForDeploymentPostprocessing = 0;
		};
/* End PBXSourcesBuildPhase section */

/* Begin PBXVariantGroup section */
		568B254C203FF1DA006403F5 /* Main.storyboard */ = {
			isa = PBXVariantGroup;
			children = (
				568B254D203FF1DA006403F5 /* Base */,
			);
			name = Main.storyboard;
			sourceTree = "<group>";
		};
		568B2551203FF1DA006403F5 /* LaunchScreen.storyboard */ = {
			isa = PBXVariantGroup;
			children = (
				568B2552203FF1DA006403F5 /* Base */,
			);
			name = LaunchScreen.storyboard;
			sourceTree = "<group>";
		};
/* End PBXVariantGroup section */

/* Begin XCBuildConfiguration section */
		568B2557203FF1DA006403F5 /* Debug */ = {
			isa = XCBuildConfiguration;
			buildSettings = {
				ALWAYS_SEARCH_USER_PATHS = NO;
				CLANG_ANALYZER_NONNULL = YES;
				CLANG_ANALYZER_NUMBER_OBJECT_CONVERSION = YES_AGGRESSIVE;
				CLANG_CXX_LANGUAGE_STANDARD = "gnu++14";
				CLANG_CXX_LIBRARY = "libc++";
				CLANG_ENABLE_MODULES = YES;
				CLANG_ENABLE_OBJC_ARC = YES;
				CLANG_WARN_BLOCK_CAPTURE_AUTORELEASING = YES;
				CLANG_WARN_BOOL_CONVERSION = YES;
				CLANG_WARN_COMMA = YES;
				CLANG_WARN_CONSTANT_CONVERSION = YES;
				CLANG_WARN_DIRECT_OBJC_ISA_USAGE = YES_ERROR;
				CLANG_WARN_DOCUMENTATION_COMMENTS = YES;
				CLANG_WARN_EMPTY_BODY = YES;
				CLANG_WARN_ENUM_CONVERSION = YES;
				CLANG_WARN_INFINITE_RECURSION = YES;
				CLANG_WARN_INT_CONVERSION = YES;
				CLANG_WARN_NON_LITERAL_NULL_CONVERSION = YES;
				CLANG_WARN_OBJC_LITERAL_CONVERSION = YES;
				CLANG_WARN_OBJC_ROOT_CLASS = YES_ERROR;
				CLANG_WARN_RANGE_LOOP_ANALYSIS = YES;
				CLANG_WARN_STRICT_PROTOTYPES = YES;
				CLANG_WARN_SUSPICIOUS_MOVE = YES;
				CLANG_WARN_UNGUARDED_AVAILABILITY = YES_AGGRESSIVE;
				CLANG_WARN_UNREACHABLE_CODE = YES;
				CLANG_WARN__DUPLICATE_METHOD_MATCH = YES;
				CODE_SIGN_IDENTITY = "iPhone Developer";
				COPY_PHASE_STRIP = NO;
				DEBUG_INFORMATION_FORMAT = dwarf;
				ENABLE_STRICT_OBJC_MSGSEND = YES;
				ENABLE_TESTABILITY = YES;
				GCC_C_LANGUAGE_STANDARD = gnu11;
				GCC_DYNAMIC_NO_PIC = NO;
				GCC_NO_COMMON_BLOCKS = YES;
				GCC_OPTIMIZATION_LEVEL = 0;
				GCC_PREPROCESSOR_DEFINITIONS = (
					"DEBUG=1",
					"$(inherited)",
				);
				GCC_WARN_64_TO_32_BIT_CONVERSION = YES;
				GCC_WARN_ABOUT_RETURN_TYPE = YES_ERROR;
				GCC_WARN_UNDECLARED_SELECTOR = YES;
				GCC_WARN_UNINITIALIZED_AUTOS = YES_AGGRESSIVE;
				GCC_WARN_UNUSED_FUNCTION = YES;
				GCC_WARN_UNUSED_VARIABLE = YES;
				IPHONEOS_DEPLOYMENT_TARGET = 11.2;
				MTL_ENABLE_DEBUG_INFO = YES;
				ONLY_ACTIVE_ARCH = YES;
				SDKROOT = iphoneos;
			};
			name = Debug;
		};
		568B2558203FF1DA006403F5 /* Release */ = {
			isa = XCBuildConfiguration;
			buildSettings = {
				ALWAYS_SEARCH_USER_PATHS = NO;
				CLANG_ANALYZER_NONNULL = YES;
				CLANG_ANALYZER_NUMBER_OBJECT_CONVERSION = YES_AGGRESSIVE;
				CLANG_CXX_LANGUAGE_STANDARD = "gnu++14";
				CLANG_CXX_LIBRARY = "libc++";
				CLANG_ENABLE_MODULES = YES;
				CLANG_ENABLE_OBJC_ARC = YES;
				CLANG_WARN_BLOCK_CAPTURE_AUTORELEASING = YES;
				CLANG_WARN_BOOL_CONVERSION = YES;
				CLANG_WARN_COMMA = YES;
				CLANG_WARN_CONSTANT_CONVERSION = YES;
				CLANG_WARN_DIRECT_OBJC_ISA_USAGE = YES_ERROR;
				CLANG_WARN_DOCUMENTATION_COMMENTS = YES;
				CLANG_WARN_EMPTY_BODY = YES;
				CLANG_WARN_ENUM_CONVERSION = YES;
				CLANG_WARN_INFINITE_RECURSION = YES;
				CLANG_WARN_INT_CONVERSION = YES;
				CLANG_WARN_NON_LITERAL_NULL_CONVERSION = YES;
				CLANG_WARN_OBJC_LITERAL_CONVERSION = YES;
				CLANG_WARN_OBJC_ROOT_CLASS = YES_ERROR;
				CLANG_WARN_RANGE_LOOP_ANALYSIS = YES;
				CLANG_WARN_STRICT_PROTOTYPES = YES;
				CLANG_WARN_SUSPICIOUS_MOVE = YES;
				CLANG_WARN_UNGUARDED_AVAILABILITY = YES_AGGRESSIVE;
				CLANG_WARN_UNREACHABLE_CODE = YES;
				CLANG_WARN__DUPLICATE_METHOD_MATCH = YES;
				CODE_SIGN_IDENTITY = "iPhone Developer";
				COPY_PHASE_STRIP = NO;
				DEBUG_INFORMATION_FORMAT = "dwarf-with-dsym";
				ENABLE_NS_ASSERTIONS = NO;
				ENABLE_STRICT_OBJC_MSGSEND = YES;
				GCC_C_LANGUAGE_STANDARD = gnu11;
				GCC_NO_COMMON_BLOCKS = YES;
				GCC_WARN_64_TO_32_BIT_CONVERSION = YES;
				GCC_WARN_ABOUT_RETURN_TYPE = YES_ERROR;
				GCC_WARN_UNDECLARED_SELECTOR = YES;
				GCC_WARN_UNINITIALIZED_AUTOS = YES_AGGRESSIVE;
				GCC_WARN_UNUSED_FUNCTION = YES;
				GCC_WARN_UNUSED_VARIABLE = YES;
				IPHONEOS_DEPLOYMENT_TARGET = 11.2;
				MTL_ENABLE_DEBUG_INFO = NO;
				SDKROOT = iphoneos;
				VALIDATE_PRODUCT = YES;
			};
			name = Release;
		};
		568B255A203FF1DA006403F5 /* Debug */ = {
			isa = XCBuildConfiguration;
			buildSettings = {
				ASSETCATALOG_COMPILER_APPICON_NAME = AppIcon;
				CODE_SIGN_STYLE = Automatic;
				DEVELOPMENT_TEAM = W5NMGQT6A5;
				INFOPLIST_FILE = "Memory optimization/Info.plist";
				LD_RUNPATH_SEARCH_PATHS = "$(inherited) @executable_path/Frameworks";
				PRODUCT_BUNDLE_IDENTIFIER = "xiaochen.Memory-optimization";
				PRODUCT_NAME = "$(TARGET_NAME)";
				TARGETED_DEVICE_FAMILY = "1,2";
			};
			name = Debug;
		};
		568B255B203FF1DA006403F5 /* Release */ = {
			isa = XCBuildConfiguration;
			buildSettings = {
				ASSETCATALOG_COMPILER_APPICON_NAME = AppIcon;
				CODE_SIGN_STYLE = Automatic;
				DEVELOPMENT_TEAM = W5NMGQT6A5;
				INFOPLIST_FILE = "Memory optimization/Info.plist";
				LD_RUNPATH_SEARCH_PATHS = "$(inherited) @executable_path/Frameworks";
				PRODUCT_BUNDLE_IDENTIFIER = "xiaochen.Memory-optimization";
				PRODUCT_NAME = "$(TARGET_NAME)";
				TARGETED_DEVICE_FAMILY = "1,2";
			};
			name = Release;
		};
/* End XCBuildConfiguration section */

/* Begin XCConfigurationList section */
		568B253E203FF1DA006403F5 /* Build configuration list for PBXProject "Memory optimization" */ = {
			isa = XCConfigurationList;
			buildConfigurations = (
				568B2557203FF1DA006403F5 /* Debug */,
				568B2558203FF1DA006403F5 /* Release */,
			);
			defaultConfigurationIsVisible = 0;
			defaultConfigurationName = Release;
		};
		568B2559203FF1DA006403F5 /* Build configuration list for PBXNativeTarget "Memory optimization" */ = {
			isa = XCConfigurationList;
			buildConfigurations = (
				568B255A203FF1DA006403F5 /* Debug */,
				568B255B203FF1DA006403F5 /* Release */,
			);
			defaultConfigurationIsVisible = 0;
			defaultConfigurationName = Release;
		};
/* End XCConfigurationList section */
	};
	rootObject = 568B253B203FF1DA006403F5 /* Project object */;
}
